# THIS IS AN AUTOGENERATED FILE. DO NOT EDIT THIS FILE DIRECTLY.
# yarn lockfile v1


"@client-side-validations/client-side-validations@^0.1.4":
  version "0.1.4"
  resolved "https://registry.yarnpkg.com/@client-side-validations/client-side-validations/-/client-side-validations-0.1.4.tgz#fdd6c3f22ba1f08f64e32d72918cfc77e0f778e0"
  integrity sha512-rloe9JV9FU3eFWH3JvDkJ3JIikTQDIvcG0ZEgkJc6Z1UKHMG/f4Pg0bN6jeFmsYp/9v6usN0RkPPNCOzfaG90w==
